{
  "originHash" : "4a7b7466f657c0d099df68c33b1215dce537911d546a21028c3379fc38aff1fc",
  "pins" : [
    {
      "identity" : "swift-custom-dump",
      "kind" : "remoteSourceControl",
      "location" : "https://github.com/pointfreeco/swift-custom-dump",
      "state" : {
        "revision" : "2a2a938798236b8fa0bc57c453ee9de9f9ec3ab0",
        "version" : "1.4.1"
      }
    },
    {
      "identity" : "swift-snapshot-testing",
      "kind" : "remoteSourceControl",
      "location" : "https://github.com/pointfreeco/swift-snapshot-testing",
      "state" : {
        "revision" : "1bc16f430d8410e7f087d4c787767b26fd32fe30",
        "version" : "1.19.3"
      }
    },
    {
      "identity" : "swift-syntax",
      "kind" : "remoteSourceControl",
      "location" : "https://github.com/swiftlang/swift-syntax",
      "state" : {
        "revision" : "4799286537280063c85a32f09884cfbca301b1a1",
        "version" : "602.0.0"
      }
    },
    {
      "identity" : "swiftcommons",
      "kind" : "remoteSourceControl",
      "location" : "https://github.com/maniramezan/SwiftCommons.git",
      "state" : {
        "revision" : "f06ef65a6837be36779ebb709458264c80bc1ddf",
        "version" : "0.3.0"
      }
    },
    {
      "identity" : "swiftuicomponents",
      "kind" : "remoteSourceControl",
      "location" : "https://github.com/maniramezan/SwiftUIComponents",
      "state" : {
        "revision" : "d441a1d01ca60e37fc6362bb1a33dcf374a807f7",
        "version" : "0.1.1"
      }
    },
    {
      "identity" : "xctest-dynamic-overlay",
      "kind" : "remoteSourceControl",
      "location" : "https://github.com/pointfreeco/xctest-dynamic-overlay",
      "state" : {
        "revision" : "34e463e98ab8541c604af706c99bed7160f5ec70",
        "version" : "1.8.1"
      }
    }
  ],
  "version" : 3
}
