{
  "originHash" : "67c5af40d319198bf1a7f249d5843c7ccb22b125bbcb4d16c5ef184501da4f9b",
  "pins" : [
    {
      "identity" : "swiftcommons",
      "kind" : "remoteSourceControl",
      "location" : "https://github.com/maniramezan/SwiftCommons.git",
      "state" : {
        "revision" : "f06ef65a6837be36779ebb709458264c80bc1ddf",
        "version" : "0.3.0"
      }
    },
    {
      "identity" : "swiftuicomponents",
      "kind" : "remoteSourceControl",
      "location" : "https://github.com/maniramezan/SwiftUIComponents",
      "state" : {
        "revision" : "90dcff423cf2001fc5db38e725b52bf78d0d753b",
        "version" : "0.1.0"
      }
    }
  ],
  "version" : 3
}
